
Microsoft Visual Studio Solution File, Format Version 12.00
# Visual Studio 15
VisualStudioVersion = 15.0.28307.271
MinimumVisualStudioVersion = 10.0.40219.1
Project("{FAE04EC0-301F-11D3-BF4B-00C04F79EFBC}") = "BumboGames", "BumboGames\BumboGames.csproj", "{8BBF6707-D243-420E-AE9E-3A31608884D7}"
EndProject
Global
	GlobalSection(SolutionConfigurationPlatforms) = preSolution
		Debug|Any CPU = Debug|Any CPU
		Release|Any CPU = Release|Any CPU
	EndGlobalSection
	GlobalSection(ProjectConfigurationPlatforms) = postSolution
		{8BBF6707-D243-420E-AE9E-3A31608884D7}.Debug|Any CPU.ActiveCfg = Debug|Any CPU
		{8BBF6707-D243-420E-AE9E-3A31608884D7}.Debug|Any CPU.Build.0 = Debug|Any CPU
		{8BBF6707-D243-420E-AE9E-3A31608884D7}.Release|Any CPU.ActiveCfg = Release|Any CPU
		{8BBF6707-D243-420E-AE9E-3A31608884D7}.Release|Any CPU.Build.0 = Release|Any CPU
	EndGlobalSection
	GlobalSection(SolutionProperties) = preSolution
		HideSolutionNode = FALSE
	EndGlobalSection
	GlobalSection(ExtensibilityGlobals) = postSolution
		SolutionGuid = {4806D34D-BEBC-4C54-817D-DE1DBD618F90}
	EndGlobalSection
EndGlobal
